# @generated by Move, please check-in and do not edit manually.

[move]
version = 2
manifest_digest = "29245C5D7D93E61975465DAC912D6D08EFE3F9291ABD1A725F7A79F14AFFFF49"
deps_digest = "3C4103934B1E040BB6B23F1D610B4EF9F2F1166A50A104EADCF77467C004C600"
dependencies = [
  { name = "Reclaim" },
  { name = "Sui" },
]

[[move.package]]
name = "MoveStdlib"
source = { git = "https://github.com/MystenLabs/sui.git", rev = "framework/testnet", subdir = "crates/sui-framework/packages/move-stdlib" }

[[move.package]]
name = "Reclaim"
source = { git = "https://gitlab.reclaimprotocol.org/integrations/onchain/move-sdk.git", rev = "testnet", subdir = "" }

dependencies = [
  { name = "Sui" },
]

[[move.package]]
name = "Sui"
source = { git = "https://github.com/MystenLabs/sui.git", rev = "framework/testnet", subdir = "crates/sui-framework/packages/sui-framework" }

dependencies = [
  { name = "MoveStdlib" },
]

[move.toolchain-version]
compiler-version = "1.32.0"
edition = "2024.alpha"
flavor = "sui"
